PODS:
  - SwiftCommonsLang (1.3.2)

DEPENDENCIES:
  - SwiftCommonsLang (from `https://github.com/MamuninaNV/swift-commons.ios.git`, branch `feature/RMCMT-102`)

EXTERNAL SOURCES:
  SwiftCommonsLang:
    :branch: feature/RMCMT-102
    :git: https://github.com/MamuninaNV/swift-commons.ios.git

CHECKOUT OPTIONS:
  SwiftCommonsLang:
    :commit: 86b1c012a9c179f20192528ac70e309a840b0d29
    :git: https://github.com/MamuninaNV/swift-commons.ios.git

SPEC CHECKSUMS:
  SwiftCommonsLang: 0560079e62c87b6e99637f23084b4b8b844b0479

PODFILE CHECKSUM: 29737b31f270d6ac69c657a081a36aab3a8fa3ea

COCOAPODS: 1.6.1
